
Microsoft Visual Studio Solution File, Format Version 12.00
# Visual Studio Version 17
VisualStudioVersion = 17.6.33815.320
MinimumVisualStudioVersion = 10.0.40219.1
Project("{FAE04EC0-301F-11D3-BF4B-00C04F79EFBC}") = "Device", "Device_MusicalInstrument\Device.csproj", "{AE5F936A-6B1A-4A6B-B4F3-F2A5148AB848}"
EndProject
Project("{FAE04EC0-301F-11D3-BF4B-00C04F79EFBC}") = "MusicalInstrument", "MusicalInstrument\MusicalInstrument.csproj", "{0BDBF69C-F07A-405D-86E0-3FFA9FC9641A}"
EndProject
Global
	GlobalSection(SolutionConfigurationPlatforms) = preSolution
		Debug|Any CPU = Debug|Any CPU
		Release|Any CPU = Release|Any CPU
	EndGlobalSection
	GlobalSection(ProjectConfigurationPlatforms) = postSolution
		{AE5F936A-6B1A-4A6B-B4F3-F2A5148AB848}.Debug|Any CPU.ActiveCfg = Debug|Any CPU
		{AE5F936A-6B1A-4A6B-B4F3-F2A5148AB848}.Debug|Any CPU.Build.0 = Debug|Any CPU
		{AE5F936A-6B1A-4A6B-B4F3-F2A5148AB848}.Release|Any CPU.ActiveCfg = Release|Any CPU
		{AE5F936A-6B1A-4A6B-B4F3-F2A5148AB848}.Release|Any CPU.Build.0 = Release|Any CPU
		{0BDBF69C-F07A-405D-86E0-3FFA9FC9641A}.Debug|Any CPU.ActiveCfg = Debug|Any CPU
		{0BDBF69C-F07A-405D-86E0-3FFA9FC9641A}.Debug|Any CPU.Build.0 = Debug|Any CPU
		{0BDBF69C-F07A-405D-86E0-3FFA9FC9641A}.Release|Any CPU.ActiveCfg = Release|Any CPU
		{0BDBF69C-F07A-405D-86E0-3FFA9FC9641A}.Release|Any CPU.Build.0 = Release|Any CPU
	EndGlobalSection
	GlobalSection(SolutionProperties) = preSolution
		HideSolutionNode = FALSE
	EndGlobalSection
	GlobalSection(ExtensibilityGlobals) = postSolution
		SolutionGuid = {F71C493D-4EE9-4933-8E50-BB38BAC5E329}
	EndGlobalSection
EndGlobal
